
Microsoft Visual Studio Solution File, Format Version 12.00
# Visual Studio Version 17
VisualStudioVersion = 17.12.35323.107
MinimumVisualStudioVersion = 10.0.40219.1
Project("{FAE04EC0-301F-11D3-BF4B-00C04F79EFBC}") = "CarouselRepo", "CarouselRepo.csproj", "{4D7A8F00-0FF2-4345-A112-7EF509FB4F76}"
EndProject
Global
	GlobalSection(SolutionConfigurationPlatforms) = preSolution
		Debug|Any CPU = Debug|Any CPU
		Release|Any CPU = Release|Any CPU
	EndGlobalSection
	GlobalSection(ProjectConfigurationPlatforms) = postSolution
		{4D7A8F00-0FF2-4345-A112-7EF509FB4F76}.Debug|Any CPU.ActiveCfg = Debug|Any CPU
		{4D7A8F00-0FF2-4345-A112-7EF509FB4F76}.Debug|Any CPU.Build.0 = Debug|Any CPU
		{4D7A8F00-0FF2-4345-A112-7EF509FB4F76}.Debug|Any CPU.Deploy.0 = Debug|Any CPU
		{4D7A8F00-0FF2-4345-A112-7EF509FB4F76}.Release|Any CPU.ActiveCfg = Release|Any CPU
		{4D7A8F00-0FF2-4345-A112-7EF509FB4F76}.Release|Any CPU.Build.0 = Release|Any CPU
		{4D7A8F00-0FF2-4345-A112-7EF509FB4F76}.Release|Any CPU.Deploy.0 = Release|Any CPU
	EndGlobalSection
	GlobalSection(SolutionProperties) = preSolution
		HideSolutionNode = FALSE
	EndGlobalSection
	GlobalSection(ExtensibilityGlobals) = postSolution
		SolutionGuid = {F8EF78DA-F6EC-402A-AC79-68111575B0DA}
	EndGlobalSection
EndGlobal
